// !$*UTF8*$!
{
	archiveVersion = 1;
	classes = {
	};
	objectVersion = 46;
	objects = {

/* Begin PBXBuildFile section */
		B5B53FC71C6FCC61007CE4CE /* main.m in Sources */ = {isa = PBXBuildFile; fileRef = B5B53FC61C6FCC61007CE4CE /* main.m */; };
		B5B53FCA1C6FCC61007CE4CE /* AppDelegate.m in Sources */ = {isa = PBXBuildFile; fileRef = B5B53FC91C6FCC61007CE4CE /* AppDelegate.m */; };
		B5B53FCD1C6FCC61007CE4CE /* ViewController.m in Sources */ = {isa = PBXBuildFile; fileRef = B5B53FCC1C6FCC61007CE4CE /* ViewController.m */; };
		B5B53FD01C6FCC62007CE4CE /* Main.storyboard in Resources */ = {isa = PBXBuildFile; fileRef = B5B53FCE1C6FCC62007CE4CE /* Main.storyboard */; };
		B5B53FD21C6FCC62007CE4CE /* Assets.xcassets in Resources */ = {isa = PBXBuildFile; fileRef = B5B53FD11C6FCC62007CE4CE /* Assets.xcassets */; };
		B5B53FD51C6FCC62007CE4CE /* LaunchScreen.storyboard in Resources */ = {isa = PBXBuildFile; fileRef = B5B53FD31C6FCC62007CE4CE /* LaunchScreen.storyboard */; };
		B5B53FE01C6FCC62007CE4CE /* testProtocolTests.m in Sources */ = {isa = PBXBuildFile; fileRef = B5B53FDF1C6FCC62007CE4CE /* testProtocolTests.m */; };
		B5B53FEB1C6FCC62007CE4CE /* testProtocolUITests.m in Sources */ = {isa = PBXBuildFile; fileRef = B5B53FEA1C6FCC62007CE4CE /* testProtocolUITests.m */; };
/* End PBXBuildFile section */

/* Begin PBXContainerItemProxy section */
		B5B53FDC1C6FCC62007CE4CE /* PBXContainerItemProxy */ = {
			isa = PBXContainerItemProxy;
			containerPortal = B5B53FBA1C6FCC61007CE4CE /* Project object */;
			proxyType = 1;
			remoteGlobalIDString = B5B53FC11C6FCC61007CE4CE;
			remoteInfo = testProtocol;
		};
		B5B53FE71C6FCC62007CE4CE /* PBXContainerItemProxy */ = {
			isa = PBXContainerItemProxy;
			containerPortal = B5B53FBA1C6FCC61007CE4CE /* Project object */;
			proxyType = 1;
			remoteGlobalIDString = B5B53FC11C6FCC61007CE4CE;
			remoteInfo = testProtocol;
		};
/* End PBXContainerItemProxy section */

/* Begin PBXFileReference section */
		B5B53FC21C6FCC61007CE4CE /* testProtocol.app */ = {isa = PBXFileReference; explicitFileType = wrapper.application; includeInIndex = 0; path = testProtocol.app; sourceTree = BUILT_PRODUCTS_DIR; };
		B5B53FC61C6FCC61007CE4CE /* main.m */ = {isa = PBXFileReference; lastKnownFileType = sourcecode.c.objc; path = main.m; sourceTree = "<group>"; };
		B5B53FC81C6FCC61007CE4CE /* AppDelegate.h */ = {isa = PBXFileReference; lastKnownFileType = sourcecode.c.h; path = AppDelegate.h; sourceTree = "<group>"; };
		B5B53FC91C6FCC61007CE4CE /* AppDelegate.m */ = {isa = PBXFileReference; lastKnownFileType = sourcecode.c.objc; path = AppDelegate.m; sourceTree = "<group>"; };
		B5B53FCB1C6FCC61007CE4CE /* ViewController.h */ = {isa = PBXFileReference; lastKnownFileType = sourcecode.c.h; path = ViewController.h; sourceTree = "<group>"; };
		B5B53FCC1C6FCC61007CE4CE /* ViewController.m */ = {isa = PBXFileReference; lastKnownFileType = sourcecode.c.objc; path = ViewController.m; sourceTree = "<group>"; };
		B5B53FCF1C6FCC62007CE4CE /* Base */ = {isa = PBXFileReference; lastKnownFileType = file.storyboard; name = Base; path = Base.lproj/Main.storyboard; sourceTree = "<group>"; };
		B5B53FD11C6FCC62007CE4CE /* Assets.xcassets */ = {isa = PBXFileReference; lastKnownFileType = folder.assetcatalog; path = Assets.xcassets; sourceTree = "<group>"; };
		B5B53FD41C6FCC62007CE4CE /* Base */ = {isa = PBXFileReference; lastKnownFileType = file.storyboard; name = Base; path = Base.lproj/LaunchScreen.storyboard; sourceTree = "<group>"; };
		B5B53FD61C6FCC62007CE4CE /* Info.plist */ = {isa = PBXFileReference; lastKnownFileType = text.plist.xml; path = Info.plist; sourceTree = "<group>"; };
		B5B53FDB1C6FCC62007CE4CE /* testProtocolTests.xctest */ = {isa = PBXFileReference; explicitFileType = wrapper.cfbundle; includeInIndex = 0; path = testProtocolTests.xctest; sourceTree = BUILT_PRODUCTS_DIR; };
		B5B53FDF1C6FCC62007CE4CE /* testProtocolTests.m */ = {isa = PBXFileReference; lastKnownFileType = sourcecode.c.objc; path = testProtocolTests.m; sourceTree = "<group>"; };
		B5B53FE11C6FCC62007CE4CE /* Info.plist */ = {isa = PBXFileReference; lastKnownFileType = text.plist.xml; path = Info.plist; sourceTree = "<group>"; };
		B5B53FE61C6FCC62007CE4CE /* testProtocolUITests.xctest */ = {isa = PBXFileReference; explicitFileType = wrapper.cfbundle; includeInIndex = 0; path = testProtocolUITests.xctest; sourceTree = BUILT_PRODUCTS_DIR; };
		B5B53FEA1C6FCC62007CE4CE /* testProtocolUITests.m */ = {isa = PBXFileReference; lastKnownFileType = sourcecode.c.objc; path = testProtocolUITests.m; sourceTree = "<group>"; };
		B5B53FEC1C6FCC62007CE4CE /* Info.plist */ = {isa = PBXFileReference; lastKnownFileType = text.plist.xml; path = Info.plist; sourceTree = "<group>"; };
/* End PBXFileReference section */

/* Begin PBXFrameworksBuildPhase section */
		B5B53FBF1C6FCC61007CE4CE /* Frameworks */ = {
			isa = PBXFrameworksBuildPhase;
			buildActionMask = 2147483647;
			files = (
			);
			runOnlyForDeploymentPostprocessing = 0;
		};
		B5B53FD81C6FCC62007CE4CE /* Frameworks */ = {
			isa = PBXFrameworksBuildPhase;
			buildActionMask = 2147483647;
			files = (
			);
			runOnlyForDeploymentPostprocessing = 0;
		};
		B5B53FE31C6FCC62007CE4CE /* Frameworks */ = {
			isa = PBXFrameworksBuildPhase;
			buildActionMask = 2147483647;
			files = (
			);
			runOnlyForDeploymentPostprocessing = 0;
		};
/* End PBXFrameworksBuildPhase section */

/* Begin PBXGroup section */
		B5B53FB91C6FCC61007CE4CE = {
			isa = PBXGroup;
			children = (
				B5B53FC41C6FCC61007CE4CE /* testProtocol */,
				B5B53FDE1C6FCC62007CE4CE /* testProtocolTests */,
				B5B53FE91C6FCC62007CE4CE /* testProtocolUITests */,
				B5B53FC31C6FCC61007CE4CE /* Products */,
			);
			sourceTree = "<group>";
		};
		B5B53FC31C6FCC61007CE4CE /* Products */ = {
			isa = PBXGroup;
			children = (
				B5B53FC21C6FCC61007CE4CE /* testProtocol.app */,
				B5B53FDB1C6FCC62007CE4CE /* testProtocolTests.xctest */,
				B5B53FE61C6FCC62007CE4CE /* testProtocolUITests.xctest */,
			);
			name = Products;
			sourceTree = "<group>";
		};
		B5B53FC41C6FCC61007CE4CE /* testProtocol */ = {
			isa = PBXGroup;
			children = (
				B5B53FC81C6FCC61007CE4CE /* AppDelegate.h */,
				B5B53FC91C6FCC61007CE4CE /* AppDelegate.m */,
				B5B53FCB1C6FCC61007CE4CE /* ViewController.h */,
				B5B53FCC1C6FCC61007CE4CE /* ViewController.m */,
				B5B53FCE1C6FCC62007CE4CE /* Main.storyboard */,
				B5B53FD11C6FCC62007CE4CE /* Assets.xcassets */,
				B5B53FD31C6FCC62007CE4CE /* LaunchScreen.storyboard */,
				B5B53FD61C6FCC62007CE4CE /* Info.plist */,
				B5B53FC51C6FCC61007CE4CE /* Supporting Files */,
			);
			path = testProtocol;
			sourceTree = "<group>";
		};
		B5B53FC51C6FCC61007CE4CE /* Supporting Files */ = {
			isa = PBXGroup;
			children = (
				B5B53FC61C6FCC61007CE4CE /* main.m */,
			);
			name = "Supporting Files";
			sourceTree = "<group>";
		};
		B5B53FDE1C6FCC62007CE4CE /* testProtocolTests */ = {
			isa = PBXGroup;
			children = (
				B5B53FDF1C6FCC62007CE4CE /* testProtocolTests.m */,
				B5B53FE11C6FCC62007CE4CE /* Info.plist */,
			);
			path = testProtocolTests;
			sourceTree = "<group>";
		};
		B5B53FE91C6FCC62007CE4CE /* testProtocolUITests */ = {
			isa = PBXGroup;
			children = (
				B5B53FEA1C6FCC62007CE4CE /* testProtocolUITests.m */,
				B5B53FEC1C6FCC62007CE4CE /* Info.plist */,
			);
			path = testProtocolUITests;
			sourceTree = "<group>";
		};
/* End PBXGroup section */

/* Begin PBXNativeTarget section */
		B5B53FC11C6FCC61007CE4CE /* testProtocol */ = {
			isa = PBXNativeTarget;
			buildConfigurationList = B5B53FEF1C6FCC62007CE4CE /* Build configuration list for PBXNativeTarget "testProtocol" */;
			buildPhases = (
				B5B53FBE1C6FCC61007CE4CE /* Sources */,
				B5B53FBF1C6FCC61007CE4CE /* Frameworks */,
				B5B53FC01C6FCC61007CE4CE /* Resources */,
			);
			buildRules = (
			);
			dependencies = (
			);
			name = testProtocol;
			productName = testProtocol;
			productReference = B5B53FC21C6FCC61007CE4CE /* testProtocol.app */;
			productType = "com.apple.product-type.application";
		};
		B5B53FDA1C6FCC62007CE4CE /* testProtocolTests */ = {
			isa = PBXNativeTarget;
			buildConfigurationList = B5B53FF21C6FCC62007CE4CE /* Build configuration list for PBXNativeTarget "testProtocolTests" */;
			buildPhases = (
				B5B53FD71C6FCC62007CE4CE /* Sources */,
				B5B53FD81C6FCC62007CE4CE /* Frameworks */,
				B5B53FD91C6FCC62007CE4CE /* Resources */,
			);
			buildRules = (
			);
			dependencies = (
				B5B53FDD1C6FCC62007CE4CE /* PBXTargetDependency */,
			);
			name = testProtocolTests;
			productName = testProtocolTests;
			productReference = B5B53FDB1C6FCC62007CE4CE /* testProtocolTests.xctest */;
			productType = "com.apple.product-type.bundle.unit-test";
		};
		B5B53FE51C6FCC62007CE4CE /* testProtocolUITests */ = {
			isa = PBXNativeTarget;
			buildConfigurationList = B5B53FF51C6FCC62007CE4CE /* Build configuration list for PBXNativeTarget "testProtocolUITests" */;
			buildPhases = (
				B5B53FE21C6FCC62007CE4CE /* Sources */,
				B5B53FE31C6FCC62007CE4CE /* Frameworks */,
				B5B53FE41C6FCC62007CE4CE /* Resources */,
			);
			buildRules = (
			);
			dependencies = (
				B5B53FE81C6FCC62007CE4CE /* PBXTargetDependency */,
			);
			name = testProtocolUITests;
			productName = testProtocolUITests;
			productReference = B5B53FE61C6FCC62007CE4CE /* testProtocolUITests.xctest */;
			productType = "com.apple.product-type.bundle.ui-testing";
		};
/* End PBXNativeTarget section */

/* Begin PBXProject section */
		B5B53FBA1C6FCC61007CE4CE /* Project object */ = {
			isa = PBXProject;
			attributes = {
				LastUpgradeCheck = 0720;
				ORGANIZATIONNAME = "Ben Liu";
				TargetAttributes = {
					B5B53FC11C6FCC61007CE4CE = {
						CreatedOnToolsVersion = 7.2.1;
					};
					B5B53FDA1C6FCC62007CE4CE = {
						CreatedOnToolsVersion = 7.2.1;
						TestTargetID = B5B53FC11C6FCC61007CE4CE;
					};
					B5B53FE51C6FCC62007CE4CE = {
						CreatedOnToolsVersion = 7.2.1;
						TestTargetID = B5B53FC11C6FCC61007CE4CE;
					};
				};
			};
			buildConfigurationList = B5B53FBD1C6FCC61007CE4CE /* Build configuration list for PBXProject "testProtocol" */;
			compatibilityVersion = "Xcode 3.2";
			developmentRegion = English;
			hasScannedForEncodings = 0;
			knownRegions = (
				en,
				Base,
			);
			mainGroup = B5B53FB91C6FCC61007CE4CE;
			productRefGroup = B5B53FC31C6FCC61007CE4CE /* Products */;
			projectDirPath = "";
			projectRoot = "";
			targets = (
				B5B53FC11C6FCC61007CE4CE /* testProtocol */,
				B5B53FDA1C6FCC62007CE4CE /* testProtocolTests */,
				B5B53FE51C6FCC62007CE4CE /* testProtocolUITests */,
			);
		};
/* End PBXProject section */

/* Begin PBXResourcesBuildPhase section */
		B5B53FC01C6FCC61007CE4CE /* Resources */ = {
			isa = PBXResourcesBuildPhase;
			buildActionMask = 2147483647;
			files = (
				B5B53FD51C6FCC62007CE4CE /* LaunchScreen.storyboard in Resources */,
				B5B53FD21C6FCC62007CE4CE /* Assets.xcassets in Resources */,
				B5B53FD01C6FCC62007CE4CE /* Main.storyboard in Resources */,
			);
			runOnlyForDeploymentPostprocessing = 0;
		};
		B5B53FD91C6FCC62007CE4CE /* Resources */ = {
			isa = PBXResourcesBuildPhase;
			buildActionMask = 2147483647;
			files = (
			);
			runOnlyForDeploymentPostprocessing = 0;
		};
		B5B53FE41C6FCC62007CE4CE /* Resources */ = {
			isa = PBXResourcesBuildPhase;
			buildActionMask = 2147483647;
			files = (
			);
			runOnlyForDeploymentPostprocessing = 0;
		};
/* End PBXResourcesBuildPhase section */

/* Begin PBXSourcesBuildPhase section */
		B5B53FBE1C6FCC61007CE4CE /* Sources */ = {
			isa = PBXSourcesBuildPhase;
			buildActionMask = 2147483647;
			files = (
				B5B53FCD1C6FCC61007CE4CE /* ViewController.m in Sources */,
				B5B53FCA1C6FCC61007CE4CE /* AppDelegate.m in Sources */,
				B5B53FC71C6FCC61007CE4CE /* main.m in Sources */,
			);
			runOnlyForDeploymentPostprocessing = 0;
		};
		B5B53FD71C6FCC62007CE4CE /* Sources */ = {
			isa = PBXSourcesBuildPhase;
			buildActionMask = 2147483647;
			files = (
				B5B53FE01C6FCC62007CE4CE /* testProtocolTests.m in Sources */,
			);
			runOnlyForDeploymentPostprocessing = 0;
		};
		B5B53FE21C6FCC62007CE4CE /* Sources */ = {
			isa = PBXSourcesBuildPhase;
			buildActionMask = 2147483647;
			files = (
				B5B53FEB1C6FCC62007CE4CE /* testProtocolUITests.m in Sources */,
			);
			runOnlyForDeploymentPostprocessing = 0;
		};
/* End PBXSourcesBuildPhase section */

/* Begin PBXTargetDependency section */
		B5B53FDD1C6FCC62007CE4CE /* PBXTargetDependency */ = {
			isa = PBXTargetDependency;
			target = B5B53FC11C6FCC61007CE4CE /* testProtocol */;
			targetProxy = B5B53FDC1C6FCC62007CE4CE /* PBXContainerItemProxy */;
		};
		B5B53FE81C6FCC62007CE4CE /* PBXTargetDependency */ = {
			isa = PBXTargetDependency;
			target = B5B53FC11C6FCC61007CE4CE /* testProtocol */;
			targetProxy = B5B53FE71C6FCC62007CE4CE /* PBXContainerItemProxy */;
		};
/* End PBXTargetDependency section */

/* Begin PBXVariantGroup section */
		B5B53FCE1C6FCC62007CE4CE /* Main.storyboard */ = {
			isa = PBXVariantGroup;
			children = (
				B5B53FCF1C6FCC62007CE4CE /* Base */,
			);
			name = Main.storyboard;
			sourceTree = "<group>";
		};
		B5B53FD31C6FCC62007CE4CE /* LaunchScreen.storyboard */ = {
			isa = PBXVariantGroup;
			children = (
				B5B53FD41C6FCC62007CE4CE /* Base */,
			);
			name = LaunchScreen.storyboard;
			sourceTree = "<group>";
		};
/* End PBXVariantGroup section */

/* Begin XCBuildConfiguration section */
		B5B53FED1C6FCC62007CE4CE /* Debug */ = {
			isa = XCBuildConfiguration;
			buildSettings = {
				ALWAYS_SEARCH_USER_PATHS = NO;
				CLANG_CXX_LANGUAGE_STANDARD = "gnu++0x";
				CLANG_CXX_LIBRARY = "libc++";
				CLANG_ENABLE_MODULES = YES;
				CLANG_ENABLE_OBJC_ARC = YES;
				CLANG_WARN_BOOL_CONVERSION = YES;
				CLANG_WARN_CONSTANT_CONVERSION = YES;
				CLANG_WARN_DIRECT_OBJC_ISA_USAGE = YES_ERROR;
				CLANG_WARN_EMPTY_BODY = YES;
				CLANG_WARN_ENUM_CONVERSION = YES;
				CLANG_WARN_INT_CONVERSION = YES;
				CLANG_WARN_OBJC_ROOT_CLASS = YES_ERROR;
				CLANG_WARN_UNREACHABLE_CODE = YES;
				CLANG_WARN__DUPLICATE_METHOD_MATCH = YES;
				"CODE_SIGN_IDENTITY[sdk=iphoneos*]" = "iPhone Developer";
				COPY_PHASE_STRIP = NO;
				DEBUG_INFORMATION_FORMAT = dwarf;
				ENABLE_STRICT_OBJC_MSGSEND = YES;
				ENABLE_TESTABILITY = YES;
				GCC_C_LANGUAGE_STANDARD = gnu99;
				GCC_DYNAMIC_NO_PIC = NO;
				GCC_NO_COMMON_BLOCKS = YES;
				GCC_OPTIMIZATION_LEVEL = 0;
				GCC_PREPROCESSOR_DEFINITIONS = (
					"DEBUG=1",
					"$(inherited)",
				);
				GCC_WARN_64_TO_32_BIT_CONVERSION = YES;
				GCC_WARN_ABOUT_RETURN_TYPE = YES_ERROR;
				GCC_WARN_UNDECLARED_SELECTOR = YES;
				GCC_WARN_UNINITIALIZED_AUTOS = YES_AGGRESSIVE;
				GCC_WARN_UNUSED_FUNCTION = YES;
				GCC_WARN_UNUSED_VARIABLE = YES;
				IPHONEOS_DEPLOYMENT_TARGET = 9.2;
				MTL_ENABLE_DEBUG_INFO = YES;
				ONLY_ACTIVE_ARCH = YES;
				SDKROOT = iphoneos;
				TARGETED_DEVICE_FAMILY = "1,2";
			};
			name = Debug;
		};
		B5B53FEE1C6FCC62007CE4CE /* Release */ = {
			isa = XCBuildConfiguration;
			buildSettings = {
				ALWAYS_SEARCH_USER_PATHS = NO;
				CLANG_CXX_LANGUAGE_STANDARD = "gnu++0x";
				CLANG_CXX_LIBRARY = "libc++";
				CLANG_ENABLE_MODULES = YES;
				CLANG_ENABLE_OBJC_ARC = YES;
				CLANG_WARN_BOOL_CONVERSION = YES;
				CLANG_WARN_CONSTANT_CONVERSION = YES;
				CLANG_WARN_DIRECT_OBJC_ISA_USAGE = YES_ERROR;
				CLANG_WARN_EMPTY_BODY = YES;
				CLANG_WARN_ENUM_CONVERSION = YES;
				CLANG_WARN_INT_CONVERSION = YES;
				CLANG_WARN_OBJC_ROOT_CLASS = YES_ERROR;
				CLANG_WARN_UNREACHABLE_CODE = YES;
				CLANG_WARN__DUPLICATE_METHOD_MATCH = YES;
				"CODE_SIGN_IDENTITY[sdk=iphoneos*]" = "iPhone Developer";
				COPY_PHASE_STRIP = NO;
				DEBUG_INFORMATION_FORMAT = "dwarf-with-dsym";
				ENABLE_NS_ASSERTIONS = NO;
				ENABLE_STRICT_OBJC_MSGSEND = YES;
				GCC_C_LANGUAGE_STANDARD = gnu99;
				GCC_NO_COMMON_BLOCKS = YES;
				GCC_WARN_64_TO_32_BIT_CONVERSION = YES;
				GCC_WARN_ABOUT_RETURN_TYPE = YES_ERROR;
				GCC_WARN_UNDECLARED_SELECTOR = YES;
				GCC_WARN_UNINITIALIZED_AUTOS = YES_AGGRESSIVE;
				GCC_WARN_UNUSED_FUNCTION = YES;
				GCC_WARN_UNUSED_VARIABLE = YES;
				IPHONEOS_DEPLOYMENT_TARGET = 9.2;
				MTL_ENABLE_DEBUG_INFO = NO;
				SDKROOT = iphoneos;
				TARGETED_DEVICE_FAMILY = "1,2";
				VALIDATE_PRODUCT = YES;
			};
			name = Release;
		};
		B5B53FF01C6FCC62007CE4CE /* Debug */ = {
			isa = XCBuildConfiguration;
			buildSettings = {
				ASSETCATALOG_COMPILER_APPICON_NAME = AppIcon;
				INFOPLIST_FILE = testProtocol/Info.plist;
				LD_RUNPATH_SEARCH_PATHS = "$(inherited) @executable_path/Frameworks";
				PRODUCT_BUNDLE_IDENTIFIER = Test.testProtocol;
				PRODUCT_NAME = "$(TARGET_NAME)";
			};
			name = Debug;
		};
		B5B53FF11C6FCC62007CE4CE /* Release */ = {
			isa = XCBuildConfiguration;
			buildSettings = {
				ASSETCATALOG_COMPILER_APPICON_NAME = AppIcon;
				INFOPLIST_FILE = testProtocol/Info.plist;
				LD_RUNPATH_SEARCH_PATHS = "$(inherited) @executable_path/Frameworks";
				PRODUCT_BUNDLE_IDENTIFIER = Test.testProtocol;
				PRODUCT_NAME = "$(TARGET_NAME)";
			};
			name = Release;
		};
		B5B53FF31C6FCC62007CE4CE /* Debug */ = {
			isa = XCBuildConfiguration;
			buildSettings = {
				BUNDLE_LOADER = "$(TEST_HOST)";
				INFOPLIST_FILE = testProtocolTests/Info.plist;
				LD_RUNPATH_SEARCH_PATHS = "$(inherited) @executable_path/Frameworks @loader_path/Frameworks";
				PRODUCT_BUNDLE_IDENTIFIER = Test.testProtocolTests;
				PRODUCT_NAME = "$(TARGET_NAME)";
				TEST_HOST = "$(BUILT_PRODUCTS_DIR)/testProtocol.app/testProtocol";
			};
			name = Debug;
		};
		B5B53FF41C6FCC62007CE4CE /* Release */ = {
			isa = XCBuildConfiguration;
			buildSettings = {
				BUNDLE_LOADER = "$(TEST_HOST)";
				INFOPLIST_FILE = testProtocolTests/Info.plist;
				LD_RUNPATH_SEARCH_PATHS = "$(inherited) @executable_path/Frameworks @loader_path/Frameworks";
				PRODUCT_BUNDLE_IDENTIFIER = Test.testProtocolTests;
				PRODUCT_NAME = "$(TARGET_NAME)";
				TEST_HOST = "$(BUILT_PRODUCTS_DIR)/testProtocol.app/testProtocol";
			};
			name = Release;
		};
		B5B53FF61C6FCC62007CE4CE /* Debug */ = {
			isa = XCBuildConfiguration;
			buildSettings = {
				INFOPLIST_FILE = testProtocolUITests/Info.plist;
				LD_RUNPATH_SEARCH_PATHS = "$(inherited) @executable_path/Frameworks @loader_path/Frameworks";
				PRODUCT_BUNDLE_IDENTIFIER = Test.testProtocolUITests;
				PRODUCT_NAME = "$(TARGET_NAME)";
				TEST_TARGET_NAME = testProtocol;
				USES_XCTRUNNER = YES;
			};
			name = Debug;
		};
		B5B53FF71C6FCC62007CE4CE /* Release */ = {
			isa = XCBuildConfiguration;
			buildSettings = {
				INFOPLIST_FILE = testProtocolUITests/Info.plist;
				LD_RUNPATH_SEARCH_PATHS = "$(inherited) @executable_path/Frameworks @loader_path/Frameworks";
				PRODUCT_BUNDLE_IDENTIFIER = Test.testProtocolUITests;
				PRODUCT_NAME = "$(TARGET_NAME)";
				TEST_TARGET_NAME = testProtocol;
				USES_XCTRUNNER = YES;
			};
			name = Release;
		};
/* End XCBuildConfiguration section */

/* Begin XCConfigurationList section */
		B5B53FBD1C6FCC61007CE4CE /* Build configuration list for PBXProject "testProtocol" */ = {
			isa = XCConfigurationList;
			buildConfigurations = (
				B5B53FED1C6FCC62007CE4CE /* Debug */,
				B5B53FEE1C6FCC62007CE4CE /* Release */,
			);
			defaultConfigurationIsVisible = 0;
			defaultConfigurationName = Release;
		};
		B5B53FEF1C6FCC62007CE4CE /* Build configuration list for PBXNativeTarget "testProtocol" */ = {
			isa = XCConfigurationList;
			buildConfigurations = (
				B5B53FF01C6FCC62007CE4CE /* Debug */,
				B5B53FF11C6FCC62007CE4CE /* Release */,
			);
			defaultConfigurationIsVisible = 0;
		};
		B5B53FF21C6FCC62007CE4CE /* Build configuration list for PBXNativeTarget "testProtocolTests" */ = {
			isa = XCConfigurationList;
			buildConfigurations = (
				B5B53FF31C6FCC62007CE4CE /* Debug */,
				B5B53FF41C6FCC62007CE4CE /* Release */,
			);
			defaultConfigurationIsVisible = 0;
		};
		B5B53FF51C6FCC62007CE4CE /* Build configuration list for PBXNativeTarget "testProtocolUITests" */ = {
			isa = XCConfigurationList;
			buildConfigurations = (
				B5B53FF61C6FCC62007CE4CE /* Debug */,
				B5B53FF71C6FCC62007CE4CE /* Release */,
			);
			defaultConfigurationIsVisible = 0;
		};
/* End XCConfigurationList section */
	};
	rootObject = B5B53FBA1C6FCC61007CE4CE /* Project object */;
}
